{
  "name": "@tapis/tapis-typescript-example",
  "version": "0.0.1",
  "lockfileVersion": 1,
  "requires": true,
  "dependencies": {
    "@tapis/tapis-typescript": {
      "version": "0.0.14",
      "resolved": "https://registry.npmjs.org/@tapis/tapis-typescript/-/tapis-typescript-0.0.14.tgz",
      "integrity": "sha512-8P/3gUNJ+q3Tcw5N05toEfaknpiCaZQnska1SUe8i1UcxpaP6EJujFrdYcMLNOwkazZHFP8ZkmdwMu6VAEqO5A==",
      "requires": {
        "@tapis/tapis-typescript-apps": "^0.0.5",
        "@tapis/tapis-typescript-authenticator": "^0.0.2",
        "@tapis/tapis-typescript-files": "^0.0.3",
        "@tapis/tapis-typescript-jobs": "^0.0.2",
        "@tapis/tapis-typescript-streams": "^0.0.4",
        "@tapis/tapis-typescript-systems": "^0.0.2",
        "@tapis/tapis-typescript-tenants": "^0.0.2",
        "@types/mocha": "^9.0.0"
      }
    },
    "@tapis/tapis-typescript-apps": {
      "version": "0.0.5",
      "resolved": "https://registry.npmjs.org/@tapis/tapis-typescript-apps/-/tapis-typescript-apps-0.0.5.tgz",
      "integrity": "sha512-LN1aSriWz3OFo3kzelcc71yAQ6pu9QxEL+nzfq72rkwrD6vUh2PP49TP60QHbbJDu6zGPFV+nWdt9C9d8Bql7w=="
    },
    "@tapis/tapis-typescript-authenticator": {
      "version": "0.0.2",
      "resolved": "https://registry.npmjs.org/@tapis/tapis-typescript-authenticator/-/tapis-typescript-authenticator-0.0.2.tgz",
      "integrity": "sha512-d45Dk+PC3rYjW5jB0FD0RasQWMIZ4RZ6FAdCxqB2PN7C1K6gT7+nppvZwuP5w4POumcnyBn2PkuDsdjwNMh8uA=="
    },
    "@tapis/tapis-typescript-files": {
      "version": "0.0.3",
      "resolved": "https://registry.npmjs.org/@tapis/tapis-typescript-files/-/tapis-typescript-files-0.0.3.tgz",
      "integrity": "sha512-guuCeoayiOPboZWHkRjqCa3oLK2wYKQHKLUwRTsHj61HYa68t1F65qSozHbQwhZc+FXWvnJKf04ZZimZZ0okIw=="
    },
    "@tapis/tapis-typescript-jobs": {
      "version": "0.0.2",
      "resolved": "https://registry.npmjs.org/@tapis/tapis-typescript-jobs/-/tapis-typescript-jobs-0.0.2.tgz",
      "integrity": "sha512-Ev0/SdYFr8J095YFuhzNPibrLt/6nJUCnIFSam7+e0+Wu4OnvFEEyhElnHdE4+auDgyJ9Bzo0TPLX7gCI0MqXQ=="
    },
    "@tapis/tapis-typescript-streams": {
      "version": "0.0.4",
      "resolved": "https://registry.npmjs.org/@tapis/tapis-typescript-streams/-/tapis-typescript-streams-0.0.4.tgz",
      "integrity": "sha512-9jEOWo5Ryi+w8AUEh+APDz1cfHEAMJxZdYOLNpyGHnKCLg4KFEfYqr6vbeHXE9MeW/VSoXODTfQSTpmI6LjYKA=="
    },
    "@tapis/tapis-typescript-systems": {
      "version": "0.0.2",
      "resolved": "https://registry.npmjs.org/@tapis/tapis-typescript-systems/-/tapis-typescript-systems-0.0.2.tgz",
      "integrity": "sha512-T59JnHKNSs7Le+YcsTFEwh1hYehq2d1bLK3MHUu9rFCmZGDjCTUsGRwS698e+gyqPC3YUN65a8YxCAhrmcX6zA=="
    },
    "@tapis/tapis-typescript-tenants": {
      "version": "0.0.2",
      "resolved": "https://registry.npmjs.org/@tapis/tapis-typescript-tenants/-/tapis-typescript-tenants-0.0.2.tgz",
      "integrity": "sha512-CebqVmJ41evXC/gYj+HphU0KHveXIPjVnjWdS7ABQpIWmvYp2xyIW4jAzhaB2GXmDaUcc+KHS+HCJBh82A6nOA=="
    },
    "@types/mocha": {
      "version": "9.0.0",
      "resolved": "https://registry.npmjs.org/@types/mocha/-/mocha-9.0.0.tgz",
      "integrity": "sha512-scN0hAWyLVAvLR9AyW7HoFF5sJZglyBsbPuHO4fv7JRvfmPBMfp1ozWqOf/e4wwPNxezBZXRfWzMb6iFLgEVRA=="
    },
    "@types/node": {
      "version": "15.0.2",
      "resolved": "https://registry.npmjs.org/@types/node/-/node-15.0.2.tgz",
      "integrity": "sha512-p68+a+KoxpoB47015IeYZYRrdqMUcpbK8re/zpFB8Ld46LHC1lPEbp3EXgkEhAYEcPvjJF6ZO+869SQ0aH1dcA=="
    },
    "@types/node-fetch": {
      "version": "2.5.10",
      "resolved": "https://registry.npmjs.org/@types/node-fetch/-/node-fetch-2.5.10.tgz",
      "integrity": "sha512-IpkX0AasN44hgEad0gEF/V6EgR5n69VEqPEgnmoM8GsIGro3PowbWs4tR6IhxUTyPLpOn+fiGG6nrQhcmoCuIQ==",
      "requires": {
        "@types/node": "*",
        "form-data": "^3.0.0"
      }
    },
    "asynckit": {
      "version": "0.4.0",
      "resolved": "https://registry.npmjs.org/asynckit/-/asynckit-0.4.0.tgz",
      "integrity": "sha1-x57Zf380y48robyXkLzDZkdLS3k="
    },
    "combined-stream": {
      "version": "1.0.8",
      "resolved": "https://registry.npmjs.org/combined-stream/-/combined-stream-1.0.8.tgz",
      "integrity": "sha512-FQN4MRfuJeHf7cBbBMJFXhKSDq+2kAArBlmRBvcvFE5BB1HZKXtSFASDhdlz9zOYwxh8lDdnvmMOe/+5cdoEdg==",
      "requires": {
        "delayed-stream": "~1.0.0"
      }
    },
    "cross-fetch": {
      "version": "3.1.4",
      "resolved": "https://registry.npmjs.org/cross-fetch/-/cross-fetch-3.1.4.tgz",
      "integrity": "sha512-1eAtFWdIubi6T4XPy6ei9iUFoKpUkIF971QLN8lIvvvwueI65+Nw5haMNKUwfJxabqlIIDODJKGrQ66gxC0PbQ==",
      "requires": {
        "node-fetch": "2.6.1"
      }
    },
    "delayed-stream": {
      "version": "1.0.0",
      "resolved": "https://registry.npmjs.org/delayed-stream/-/delayed-stream-1.0.0.tgz",
      "integrity": "sha1-3zrhmayt+31ECqrgsp4icrJOxhk="
    },
    "dotenv": {
      "version": "9.0.1",
      "resolved": "https://registry.npmjs.org/dotenv/-/dotenv-9.0.1.tgz",
      "integrity": "sha512-W8FNeNnnvJoYfgkFRKzp8kTgz0T2YY4TJ9xy1Ma0hSebPTK8iquRtpG12TUrSTX5zIN9D/wSLEEuI+Ad35tlyw=="
    },
    "form-data": {
      "version": "3.0.1",
      "resolved": "https://registry.npmjs.org/form-data/-/form-data-3.0.1.tgz",
      "integrity": "sha512-RHkBKtLWUVwd7SqRIvCZMEvAMoGUp0XU+seQiZejj0COz3RI3hWP4sCv3gZWWLjJTd7rGwcsF5eKZGii0r/hbg==",
      "requires": {
        "asynckit": "^0.4.0",
        "combined-stream": "^1.0.8",
        "mime-types": "^2.1.12"
      }
    },
    "mime-db": {
      "version": "1.47.0",
      "resolved": "https://registry.npmjs.org/mime-db/-/mime-db-1.47.0.tgz",
      "integrity": "sha512-QBmA/G2y+IfeS4oktet3qRZ+P5kPhCKRXxXnQEudYqUaEioAU1/Lq2us3D/t1Jfo4hE9REQPrbB7K5sOczJVIw=="
    },
    "mime-types": {
      "version": "2.1.30",
      "resolved": "https://registry.npmjs.org/mime-types/-/mime-types-2.1.30.tgz",
      "integrity": "sha512-crmjA4bLtR8m9qLpHvgxSChT+XoSlZi8J4n/aIdn3z92e/U47Z0V/yl+Wh9W046GgFVAmoNR/fmdbZYcSSIUeg==",
      "requires": {
        "mime-db": "1.47.0"
      }
    },
    "node-fetch": {
      "version": "2.6.1",
      "resolved": "https://registry.npmjs.org/node-fetch/-/node-fetch-2.6.1.tgz",
      "integrity": "sha512-V4aYg89jEoVRxRb2fJdAg8FHvI7cEyYdVAh94HH0UIK8oJxUfkjlDQN9RbMx+bEjP7+ggMiFRprSti032Oipxw=="
    },
    "typescript": {
      "version": "4.3.5",
      "resolved": "https://registry.npmjs.org/typescript/-/typescript-4.3.5.tgz",
      "integrity": "sha512-DqQgihaQ9cUrskJo9kIyW/+g0Vxsk8cDtZ52a3NGh0YNTfpUSArXSohyUGnvbPazEPLu398C0UxmKSOrPumUzA==",
      "dev": true
    }
  }
}
